
Microsoft Visual Studio Solution File, Format Version 12.00
# Visual Studio 15
VisualStudioVersion = 15.0.27130.2027
MinimumVisualStudioVersion = 10.0.40219.1
Project("{FAE04EC0-301F-11D3-BF4B-00C04F79EFBC}") = "Chapter Four Tutorial", "Chapter Four Tutorial\Chapter Four Tutorial.csproj", "{3F58ED9A-2B38-46A4-AA41-C307F1B4E144}"
EndProject
Project("{FAE04EC0-301F-11D3-BF4B-00C04F79EFBC}") = "Tutorial 4-2", "Tutorial 4-2\Tutorial 4-2.csproj", "{172FCE06-6D6A-47BC-8E37-E6A40C7BA2B9}"
EndProject
Project("{FAE04EC0-301F-11D3-BF4B-00C04F79EFBC}") = "Tutorial 4-3", "Tutorial 4-3\Tutorial 4-3.csproj", "{62278795-1613-4B39-AD2B-46AC4296FA8C}"
EndProject
Project("{FAE04EC0-301F-11D3-BF4B-00C04F79EFBC}") = "4-4 Tutorial", "4-4 Tutorial\4-4 Tutorial.csproj", "{6A8DF46A-163E-4C23-BBB0-6B66B1194E54}"
EndProject
Project("{FAE04EC0-301F-11D3-BF4B-00C04F79EFBC}") = "4-5 Tutorial", "4-5 Tutorial\4-5 Tutorial.csproj", "{9F9B405C-1368-4781-B920-D811AE0FC056}"
EndProject
Global
	GlobalSection(SolutionConfigurationPlatforms) = preSolution
		Debug|Any CPU = Debug|Any CPU
		Release|Any CPU = Release|Any CPU
	EndGlobalSection
	GlobalSection(ProjectConfigurationPlatforms) = postSolution
		{3F58ED9A-2B38-46A4-AA41-C307F1B4E144}.Debug|Any CPU.ActiveCfg = Debug|Any CPU
		{3F58ED9A-2B38-46A4-AA41-C307F1B4E144}.Debug|Any CPU.Build.0 = Debug|Any CPU
		{3F58ED9A-2B38-46A4-AA41-C307F1B4E144}.Release|Any CPU.ActiveCfg = Release|Any CPU
		{3F58ED9A-2B38-46A4-AA41-C307F1B4E144}.Release|Any CPU.Build.0 = Release|Any CPU
		{172FCE06-6D6A-47BC-8E37-E6A40C7BA2B9}.Debug|Any CPU.ActiveCfg = Debug|Any CPU
		{172FCE06-6D6A-47BC-8E37-E6A40C7BA2B9}.Debug|Any CPU.Build.0 = Debug|Any CPU
		{172FCE06-6D6A-47BC-8E37-E6A40C7BA2B9}.Release|Any CPU.ActiveCfg = Release|Any CPU
		{172FCE06-6D6A-47BC-8E37-E6A40C7BA2B9}.Release|Any CPU.Build.0 = Release|Any CPU
		{62278795-1613-4B39-AD2B-46AC4296FA8C}.Debug|Any CPU.ActiveCfg = Debug|Any CPU
		{62278795-1613-4B39-AD2B-46AC4296FA8C}.Debug|Any CPU.Build.0 = Debug|Any CPU
		{62278795-1613-4B39-AD2B-46AC4296FA8C}.Release|Any CPU.ActiveCfg = Release|Any CPU
		{62278795-1613-4B39-AD2B-46AC4296FA8C}.Release|Any CPU.Build.0 = Release|Any CPU
		{6A8DF46A-163E-4C23-BBB0-6B66B1194E54}.Debug|Any CPU.ActiveCfg = Debug|Any CPU
		{6A8DF46A-163E-4C23-BBB0-6B66B1194E54}.Debug|Any CPU.Build.0 = Debug|Any CPU
		{6A8DF46A-163E-4C23-BBB0-6B66B1194E54}.Release|Any CPU.ActiveCfg = Release|Any CPU
		{6A8DF46A-163E-4C23-BBB0-6B66B1194E54}.Release|Any CPU.Build.0 = Release|Any CPU
		{9F9B405C-1368-4781-B920-D811AE0FC056}.Debug|Any CPU.ActiveCfg = Debug|Any CPU
		{9F9B405C-1368-4781-B920-D811AE0FC056}.Debug|Any CPU.Build.0 = Debug|Any CPU
		{9F9B405C-1368-4781-B920-D811AE0FC056}.Release|Any CPU.ActiveCfg = Release|Any CPU
		{9F9B405C-1368-4781-B920-D811AE0FC056}.Release|Any CPU.Build.0 = Release|Any CPU
	EndGlobalSection
	GlobalSection(SolutionProperties) = preSolution
		HideSolutionNode = FALSE
	EndGlobalSection
	GlobalSection(ExtensibilityGlobals) = postSolution
		SolutionGuid = {FB2213E7-E208-4792-A66D-797479B356F7}
	EndGlobalSection
EndGlobal
